
Microsoft Visual Studio Solution File, Format Version 12.00
# Visual Studio Version 17
VisualStudioVersion = 17.3.32825.248
MinimumVisualStudioVersion = 10.0.40219.1
Project("{2150E333-8FDC-42A3-9474-1A3956D46DE8}") = "src", "src", "{C4248174-B9B0-4EC2-B2BA-47F3B58BF30A}"
EndProject
Project("{9A19103F-16F7-4668-BE54-9A1E7A4F7556}") = "Movies.API", "src\Movies.API\Movies.API.csproj", "{764CE53F-DACE-4B8A-87A4-ACE3E4AF9D82}"
EndProject
Project("{2150E333-8FDC-42A3-9474-1A3956D46DE8}") = "tests", "tests", "{5116E2C8-9773-4D5A-9C5C-5850248CC126}"
EndProject
Project("{9A19103F-16F7-4668-BE54-9A1E7A4F7556}") = "Movies.UnitTest", "tests\Movies.Tests\Movies.UnitTest.csproj", "{7C89A0B4-DE8E-4202-B26F-6343E3807E95}"
EndProject
Global
	GlobalSection(SolutionConfigurationPlatforms) = preSolution
		Debug|Any CPU = Debug|Any CPU
		Release|Any CPU = Release|Any CPU
	EndGlobalSection
	GlobalSection(ProjectConfigurationPlatforms) = postSolution
		{764CE53F-DACE-4B8A-87A4-ACE3E4AF9D82}.Debug|Any CPU.ActiveCfg = Debug|Any CPU
		{764CE53F-DACE-4B8A-87A4-ACE3E4AF9D82}.Debug|Any CPU.Build.0 = Debug|Any CPU
		{764CE53F-DACE-4B8A-87A4-ACE3E4AF9D82}.Release|Any CPU.ActiveCfg = Release|Any CPU
		{764CE53F-DACE-4B8A-87A4-ACE3E4AF9D82}.Release|Any CPU.Build.0 = Release|Any CPU
		{7C89A0B4-DE8E-4202-B26F-6343E3807E95}.Debug|Any CPU.ActiveCfg = Debug|Any CPU
		{7C89A0B4-DE8E-4202-B26F-6343E3807E95}.Debug|Any CPU.Build.0 = Debug|Any CPU
		{7C89A0B4-DE8E-4202-B26F-6343E3807E95}.Release|Any CPU.ActiveCfg = Release|Any CPU
		{7C89A0B4-DE8E-4202-B26F-6343E3807E95}.Release|Any CPU.Build.0 = Release|Any CPU
	EndGlobalSection
	GlobalSection(SolutionProperties) = preSolution
		HideSolutionNode = FALSE
	EndGlobalSection
	GlobalSection(NestedProjects) = preSolution
		{764CE53F-DACE-4B8A-87A4-ACE3E4AF9D82} = {C4248174-B9B0-4EC2-B2BA-47F3B58BF30A}
		{7C89A0B4-DE8E-4202-B26F-6343E3807E95} = {5116E2C8-9773-4D5A-9C5C-5850248CC126}
	EndGlobalSection
	GlobalSection(ExtensibilityGlobals) = postSolution
		SolutionGuid = {13A7BE1A-7B5D-4240-85A7-F3B4017C3BCF}
	EndGlobalSection
EndGlobal
